// !$*UTF8*$!
{
	archiveVersion = 1;
	classes = {
	};
	objectVersion = 56;
	objects = {

/* Begin PBXBuildFile section */
		B5FCF4D72DA39278000E9447 /* famous_placesApp.swift in Sources */ = {isa = PBXBuildFile; fileRef = B5FCF4D62DA39278000E9447 /* famous_placesApp.swift */; };
		B5FCF4DB2DA39279000E9447 /* Assets.xcassets in Resources */ = {isa = PBXBuildFile; fileRef = B5FCF4DA2DA39279000E9447 /* Assets.xcassets */; };
		B5FCF4DE2DA39279000E9447 /* Preview Assets.xcassets in Resources */ = {isa = PBXBuildFile; fileRef = B5FCF4DD2DA39279000E9447 /* Preview Assets.xcassets */; };
		B5FCF4E82DA3A316000E9447 /* Location.swift in Sources */ = {isa = PBXBuildFile; fileRef = B5FCF4E72DA3A316000E9447 /* Location.swift */; };
		B5FCF4EB2DA3A44D000E9447 /* LocationsDataService.swift in Sources */ = {isa = PBXBuildFile; fileRef = B5FCF4EA2DA3A44D000E9447 /* LocationsDataService.swift */; };
		B5FCF4EF2DA3AA7F000E9447 /* LocationsView.swift in Sources */ = {isa = PBXBuildFile; fileRef = B5FCF4EE2DA3AA7F000E9447 /* LocationsView.swift */; };
		B5FCF4F12DA3B1E2000E9447 /* LocationsViewModel.swift in Sources */ = {isa = PBXBuildFile; fileRef = B5FCF4F02DA3B1E2000E9447 /* LocationsViewModel.swift */; };
		B5FCF4F42DA3C110000E9447 /* DEFAULT_LOCATION.swift in Sources */ = {isa = PBXBuildFile; fileRef = B5FCF4F32DA3C110000E9447 /* DEFAULT_LOCATION.swift */; };
		B5FCF4F62DA3EEE0000E9447 /* LocationsListView.swift in Sources */ = {isa = PBXBuildFile; fileRef = B5FCF4F52DA3EEE0000E9447 /* LocationsListView.swift */; };
/* End PBXBuildFile section */

/* Begin PBXFileReference section */
		B5FCF4D32DA39278000E9447 /* famous-places.app */ = {isa = PBXFileReference; explicitFileType = wrapper.application; includeInIndex = 0; path = "famous-places.app"; sourceTree = BUILT_PRODUCTS_DIR; };
		B5FCF4D62DA39278000E9447 /* famous_placesApp.swift */ = {isa = PBXFileReference; lastKnownFileType = sourcecode.swift; path = famous_placesApp.swift; sourceTree = "<group>"; };
		B5FCF4DA2DA39279000E9447 /* Assets.xcassets */ = {isa = PBXFileReference; lastKnownFileType = folder.assetcatalog; path = Assets.xcassets; sourceTree = "<group>"; };
		B5FCF4DD2DA39279000E9447 /* Preview Assets.xcassets */ = {isa = PBXFileReference; lastKnownFileType = folder.assetcatalog; path = "Preview Assets.xcassets"; sourceTree = "<group>"; };
		B5FCF4E72DA3A316000E9447 /* Location.swift */ = {isa = PBXFileReference; lastKnownFileType = sourcecode.swift; path = Location.swift; sourceTree = "<group>"; };
		B5FCF4EA2DA3A44D000E9447 /* LocationsDataService.swift */ = {isa = PBXFileReference; fileEncoding = 4; lastKnownFileType = sourcecode.swift; path = LocationsDataService.swift; sourceTree = "<group>"; };
		B5FCF4EE2DA3AA7F000E9447 /* LocationsView.swift */ = {isa = PBXFileReference; lastKnownFileType = sourcecode.swift; path = LocationsView.swift; sourceTree = "<group>"; };
		B5FCF4F02DA3B1E2000E9447 /* LocationsViewModel.swift */ = {isa = PBXFileReference; lastKnownFileType = sourcecode.swift; path = LocationsViewModel.swift; sourceTree = "<group>"; };
		B5FCF4F32DA3C110000E9447 /* DEFAULT_LOCATION.swift */ = {isa = PBXFileReference; lastKnownFileType = sourcecode.swift; path = DEFAULT_LOCATION.swift; sourceTree = "<group>"; };
		B5FCF4F52DA3EEE0000E9447 /* LocationsListView.swift */ = {isa = PBXFileReference; lastKnownFileType = sourcecode.swift; path = LocationsListView.swift; sourceTree = "<group>"; };
/* End PBXFileReference section */

/* Begin PBXFrameworksBuildPhase section */
		B5FCF4D02DA39278000E9447 /* Frameworks */ = {
			isa = PBXFrameworksBuildPhase;
			buildActionMask = 2147483647;
			files = (
			);
			runOnlyForDeploymentPostprocessing = 0;
		};
/* End PBXFrameworksBuildPhase section */

/* Begin PBXGroup section */
		B5FCF4CA2DA39278000E9447 = {
			isa = PBXGroup;
			children = (
				B5FCF4D52DA39278000E9447 /* famous-places */,
				B5FCF4D42DA39278000E9447 /* Products */,
			);
			sourceTree = "<group>";
		};
		B5FCF4D42DA39278000E9447 /* Products */ = {
			isa = PBXGroup;
			children = (
				B5FCF4D32DA39278000E9447 /* famous-places.app */,
			);
			name = Products;
			sourceTree = "<group>";
		};
		B5FCF4D52DA39278000E9447 /* famous-places */ = {
			isa = PBXGroup;
			children = (
				B5FCF4D62DA39278000E9447 /* famous_placesApp.swift */,
				B5FCF4E92DA3A413000E9447 /* DataServices */,
				B5FCF4E42DA3A2C7000E9447 /* Views */,
				B5FCF4E62DA3A2DE000E9447 /* ViewModels */,
				B5FCF4E52DA3A2D1000E9447 /* Models */,
				B5FCF4DA2DA39279000E9447 /* Assets.xcassets */,
				B5FCF4F22DA3C0E9000E9447 /* Resources */,
				B5FCF4DC2DA39279000E9447 /* Preview Content */,
			);
			path = "famous-places";
			sourceTree = "<group>";
		};
		B5FCF4DC2DA39279000E9447 /* Preview Content */ = {
			isa = PBXGroup;
			children = (
				B5FCF4DD2DA39279000E9447 /* Preview Assets.xcassets */,
			);
			path = "Preview Content";
			sourceTree = "<group>";
		};
		B5FCF4E42DA3A2C7000E9447 /* Views */ = {
			isa = PBXGroup;
			children = (
				B5FCF4EE2DA3AA7F000E9447 /* LocationsView.swift */,
				B5FCF4F52DA3EEE0000E9447 /* LocationsListView.swift */,
			);
			path = Views;
			sourceTree = "<group>";
		};
		B5FCF4E52DA3A2D1000E9447 /* Models */ = {
			isa = PBXGroup;
			children = (
				B5FCF4E72DA3A316000E9447 /* Location.swift */,
			);
			path = Models;
			sourceTree = "<group>";
		};
		B5FCF4E62DA3A2DE000E9447 /* ViewModels */ = {
			isa = PBXGroup;
			children = (
				B5FCF4F02DA3B1E2000E9447 /* LocationsViewModel.swift */,
			);
			path = ViewModels;
			sourceTree = "<group>";
		};
		B5FCF4E92DA3A413000E9447 /* DataServices */ = {
			isa = PBXGroup;
			children = (
				B5FCF4EA2DA3A44D000E9447 /* LocationsDataService.swift */,
			);
			path = DataServices;
			sourceTree = "<group>";
		};
		B5FCF4F22DA3C0E9000E9447 /* Resources */ = {
			isa = PBXGroup;
			children = (
				B5FCF4F32DA3C110000E9447 /* DEFAULT_LOCATION.swift */,
			);
			path = Resources;
			sourceTree = "<group>";
		};
/* End PBXGroup section */

/* Begin PBXNativeTarget section */
		B5FCF4D22DA39278000E9447 /* famous-places */ = {
			isa = PBXNativeTarget;
			buildConfigurationList = B5FCF4E12DA39279000E9447 /* Build configuration list for PBXNativeTarget "famous-places" */;
			buildPhases = (
				B5FCF4CF2DA39278000E9447 /* Sources */,
				B5FCF4D02DA39278000E9447 /* Frameworks */,
				B5FCF4D12DA39278000E9447 /* Resources */,
			);
			buildRules = (
			);
			dependencies = (
			);
			name = "famous-places";
			productName = "famous-places";
			productReference = B5FCF4D32DA39278000E9447 /* famous-places.app */;
			productType = "com.apple.product-type.application";
		};
/* End PBXNativeTarget section */

/* Begin PBXProject section */
		B5FCF4CB2DA39278000E9447 /* Project object */ = {
			isa = PBXProject;
			attributes = {
				BuildIndependentTargetsInParallel = 1;
				LastSwiftUpdateCheck = 1530;
				LastUpgradeCheck = 1530;
				TargetAttributes = {
					B5FCF4D22DA39278000E9447 = {
						CreatedOnToolsVersion = 15.3;
					};
				};
			};
			buildConfigurationList = B5FCF4CE2DA39278000E9447 /* Build configuration list for PBXProject "famous-places" */;
			compatibilityVersion = "Xcode 14.0";
			developmentRegion = en;
			hasScannedForEncodings = 0;
			knownRegions = (
				en,
				Base,
			);
			mainGroup = B5FCF4CA2DA39278000E9447;
			productRefGroup = B5FCF4D42DA39278000E9447 /* Products */;
			projectDirPath = "";
			projectRoot = "";
			targets = (
				B5FCF4D22DA39278000E9447 /* famous-places */,
			);
		};
/* End PBXProject section */

/* Begin PBXResourcesBuildPhase section */
		B5FCF4D12DA39278000E9447 /* Resources */ = {
			isa = PBXResourcesBuildPhase;
			buildActionMask = 2147483647;
			files = (
				B5FCF4DE2DA39279000E9447 /* Preview Assets.xcassets in Resources */,
				B5FCF4DB2DA39279000E9447 /* Assets.xcassets in Resources */,
			);
			runOnlyForDeploymentPostprocessing = 0;
		};
/* End PBXResourcesBuildPhase section */

/* Begin PBXSourcesBuildPhase section */
		B5FCF4CF2DA39278000E9447 /* Sources */ = {
			isa = PBXSourcesBuildPhase;
			buildActionMask = 2147483647;
			files = (
				B5FCF4EB2DA3A44D000E9447 /* LocationsDataService.swift in Sources */,
				B5FCF4F62DA3EEE0000E9447 /* LocationsListView.swift in Sources */,
				B5FCF4F12DA3B1E2000E9447 /* LocationsViewModel.swift in Sources */,
				B5FCF4F42DA3C110000E9447 /* DEFAULT_LOCATION.swift in Sources */,
				B5FCF4EF2DA3AA7F000E9447 /* LocationsView.swift in Sources */,
				B5FCF4E82DA3A316000E9447 /* Location.swift in Sources */,
				B5FCF4D72DA39278000E9447 /* famous_placesApp.swift in Sources */,
			);
			runOnlyForDeploymentPostprocessing = 0;
		};
/* End PBXSourcesBuildPhase section */

/* Begin XCBuildConfiguration section */
		B5FCF4DF2DA39279000E9447 /* Debug */ = {
			isa = XCBuildConfiguration;
			buildSettings = {
				ALWAYS_SEARCH_USER_PATHS = NO;
				ASSETCATALOG_COMPILER_GENERATE_SWIFT_ASSET_SYMBOL_EXTENSIONS = YES;
				CLANG_ANALYZER_NONNULL = YES;
				CLANG_ANALYZER_NUMBER_OBJECT_CONVERSION = YES_AGGRESSIVE;
				CLANG_CXX_LANGUAGE_STANDARD = "gnu++20";
				CLANG_ENABLE_MODULES = YES;
				CLANG_ENABLE_OBJC_ARC = YES;
				CLANG_ENABLE_OBJC_WEAK = YES;
				CLANG_WARN_BLOCK_CAPTURE_AUTORELEASING = YES;
				CLANG_WARN_BOOL_CONVERSION = YES;
				CLANG_WARN_COMMA = YES;
				CLANG_WARN_CONSTANT_CONVERSION = YES;
				CLANG_WARN_DEPRECATED_OBJC_IMPLEMENTATIONS = YES;
				CLANG_WARN_DIRECT_OBJC_ISA_USAGE = YES_ERROR;
				CLANG_WARN_DOCUMENTATION_COMMENTS = YES;
				CLANG_WARN_EMPTY_BODY = YES;
				CLANG_WARN_ENUM_CONVERSION = YES;
				CLANG_WARN_INFINITE_RECURSION = YES;
				CLANG_WARN_INT_CONVERSION = YES;
				CLANG_WARN_NON_LITERAL_NULL_CONVERSION = YES;
				CLANG_WARN_OBJC_IMPLICIT_RETAIN_SELF = YES;
				CLANG_WARN_OBJC_LITERAL_CONVERSION = YES;
				CLANG_WARN_OBJC_ROOT_CLASS = YES_ERROR;
				CLANG_WARN_QUOTED_INCLUDE_IN_FRAMEWORK_HEADER = YES;
				CLANG_WARN_RANGE_LOOP_ANALYSIS = YES;
				CLANG_WARN_STRICT_PROTOTYPES = YES;
				CLANG_WARN_SUSPICIOUS_MOVE = YES;
				CLANG_WARN_UNGUARDED_AVAILABILITY = YES_AGGRESSIVE;
				CLANG_WARN_UNREACHABLE_CODE = YES;
				CLANG_WARN__DUPLICATE_METHOD_MATCH = YES;
				COPY_PHASE_STRIP = NO;
				DEBUG_INFORMATION_FORMAT = dwarf;
				ENABLE_STRICT_OBJC_MSGSEND = YES;
				ENABLE_TESTABILITY = YES;
				ENABLE_USER_SCRIPT_SANDBOXING = YES;
				GCC_C_LANGUAGE_STANDARD = gnu17;
				GCC_DYNAMIC_NO_PIC = NO;
				GCC_NO_COMMON_BLOCKS = YES;
				GCC_OPTIMIZATION_LEVEL = 0;
				GCC_PREPROCESSOR_DEFINITIONS = (
					"DEBUG=1",
					"$(inherited)",
				);
				GCC_WARN_64_TO_32_BIT_CONVERSION = YES;
				GCC_WARN_ABOUT_RETURN_TYPE = YES_ERROR;
				GCC_WARN_UNDECLARED_SELECTOR = YES;
				GCC_WARN_UNINITIALIZED_AUTOS = YES_AGGRESSIVE;
				GCC_WARN_UNUSED_FUNCTION = YES;
				GCC_WARN_UNUSED_VARIABLE = YES;
				IPHONEOS_DEPLOYMENT_TARGET = 17.4;
				LOCALIZATION_PREFERS_STRING_CATALOGS = YES;
				MTL_ENABLE_DEBUG_INFO = INCLUDE_SOURCE;
				MTL_FAST_MATH = YES;
				ONLY_ACTIVE_ARCH = YES;
				SDKROOT = iphoneos;
				SWIFT_ACTIVE_COMPILATION_CONDITIONS = "DEBUG $(inherited)";
				SWIFT_OPTIMIZATION_LEVEL = "-Onone";
			};
			name = Debug;
		};
		B5FCF4E02DA39279000E9447 /* Release */ = {
			isa = XCBuildConfiguration;
			buildSettings = {
				ALWAYS_SEARCH_USER_PATHS = NO;
				ASSETCATALOG_COMPILER_GENERATE_SWIFT_ASSET_SYMBOL_EXTENSIONS = YES;
				CLANG_ANALYZER_NONNULL = YES;
				CLANG_ANALYZER_NUMBER_OBJECT_CONVERSION = YES_AGGRESSIVE;
				CLANG_CXX_LANGUAGE_STANDARD = "gnu++20";
				CLANG_ENABLE_MODULES = YES;
				CLANG_ENABLE_OBJC_ARC = YES;
				CLANG_ENABLE_OBJC_WEAK = YES;
				CLANG_WARN_BLOCK_CAPTURE_AUTORELEASING = YES;
				CLANG_WARN_BOOL_CONVERSION = YES;
				CLANG_WARN_COMMA = YES;
				CLANG_WARN_CONSTANT_CONVERSION = YES;
				CLANG_WARN_DEPRECATED_OBJC_IMPLEMENTATIONS = YES;
				CLANG_WARN_DIRECT_OBJC_ISA_USAGE = YES_ERROR;
				CLANG_WARN_DOCUMENTATION_COMMENTS = YES;
				CLANG_WARN_EMPTY_BODY = YES;
				CLANG_WARN_ENUM_CONVERSION = YES;
				CLANG_WARN_INFINITE_RECURSION = YES;
				CLANG_WARN_INT_CONVERSION = YES;
				CLANG_WARN_NON_LITERAL_NULL_CONVERSION = YES;
				CLANG_WARN_OBJC_IMPLICIT_RETAIN_SELF = YES;
				CLANG_WARN_OBJC_LITERAL_CONVERSION = YES;
				CLANG_WARN_OBJC_ROOT_CLASS = YES_ERROR;
				CLANG_WARN_QUOTED_INCLUDE_IN_FRAMEWORK_HEADER = YES;
				CLANG_WARN_RANGE_LOOP_ANALYSIS = YES;
				CLANG_WARN_STRICT_PROTOTYPES = YES;
				CLANG_WARN_SUSPICIOUS_MOVE = YES;
				CLANG_WARN_UNGUARDED_AVAILABILITY = YES_AGGRESSIVE;
				CLANG_WARN_UNREACHABLE_CODE = YES;
				CLANG_WARN__DUPLICATE_METHOD_MATCH = YES;
				COPY_PHASE_STRIP = NO;
				DEBUG_INFORMATION_FORMAT = "dwarf-with-dsym";
				ENABLE_NS_ASSERTIONS = NO;
				ENABLE_STRICT_OBJC_MSGSEND = YES;
				ENABLE_USER_SCRIPT_SANDBOXING = YES;
				GCC_C_LANGUAGE_STANDARD = gnu17;
				GCC_NO_COMMON_BLOCKS = YES;
				GCC_WARN_64_TO_32_BIT_CONVERSION = YES;
				GCC_WARN_ABOUT_RETURN_TYPE = YES_ERROR;
				GCC_WARN_UNDECLARED_SELECTOR = YES;
				GCC_WARN_UNINITIALIZED_AUTOS = YES_AGGRESSIVE;
				GCC_WARN_UNUSED_FUNCTION = YES;
				GCC_WARN_UNUSED_VARIABLE = YES;
				IPHONEOS_DEPLOYMENT_TARGET = 17.4;
				LOCALIZATION_PREFERS_STRING_CATALOGS = YES;
				MTL_ENABLE_DEBUG_INFO = NO;
				MTL_FAST_MATH = YES;
				SDKROOT = iphoneos;
				SWIFT_COMPILATION_MODE = wholemodule;
				VALIDATE_PRODUCT = YES;
			};
			name = Release;
		};
		B5FCF4E22DA39279000E9447 /* Debug */ = {
			isa = XCBuildConfiguration;
			buildSettings = {
				ASSETCATALOG_COMPILER_APPICON_NAME = AppIcon;
				ASSETCATALOG_COMPILER_GLOBAL_ACCENT_COLOR_NAME = AccentColor;
				CODE_SIGN_STYLE = Automatic;
				CURRENT_PROJECT_VERSION = 1;
				DEVELOPMENT_ASSET_PATHS = "\"famous-places/Preview Content\"";
				DEVELOPMENT_TEAM = 7TJ6PY5W65;
				ENABLE_PREVIEWS = YES;
				GENERATE_INFOPLIST_FILE = YES;
				INFOPLIST_KEY_UIApplicationSceneManifest_Generation = YES;
				INFOPLIST_KEY_UIApplicationSupportsIndirectInputEvents = YES;
				INFOPLIST_KEY_UILaunchScreen_Generation = YES;
				INFOPLIST_KEY_UISupportedInterfaceOrientations_iPad = "UIInterfaceOrientationPortrait UIInterfaceOrientationPortraitUpsideDown UIInterfaceOrientationLandscapeLeft UIInterfaceOrientationLandscapeRight";
				INFOPLIST_KEY_UISupportedInterfaceOrientations_iPhone = "UIInterfaceOrientationPortrait UIInterfaceOrientationLandscapeLeft UIInterfaceOrientationLandscapeRight";
				LD_RUNPATH_SEARCH_PATHS = (
					"$(inherited)",
					"@executable_path/Frameworks",
				);
				MARKETING_VERSION = 1.0;
				PRODUCT_BUNDLE_IDENTIFIER = "com.jothebug.famous-places";
				PRODUCT_NAME = "$(TARGET_NAME)";
				SWIFT_EMIT_LOC_STRINGS = YES;
				SWIFT_VERSION = 5.0;
				TARGETED_DEVICE_FAMILY = "1,2";
			};
			name = Debug;
		};
		B5FCF4E32DA39279000E9447 /* Release */ = {
			isa = XCBuildConfiguration;
			buildSettings = {
				ASSETCATALOG_COMPILER_APPICON_NAME = AppIcon;
				ASSETCATALOG_COMPILER_GLOBAL_ACCENT_COLOR_NAME = AccentColor;
				CODE_SIGN_STYLE = Automatic;
				CURRENT_PROJECT_VERSION = 1;
				DEVELOPMENT_ASSET_PATHS = "\"famous-places/Preview Content\"";
				DEVELOPMENT_TEAM = 7TJ6PY5W65;
				ENABLE_PREVIEWS = YES;
				GENERATE_INFOPLIST_FILE = YES;
				INFOPLIST_KEY_UIApplicationSceneManifest_Generation = YES;
				INFOPLIST_KEY_UIApplicationSupportsIndirectInputEvents = YES;
				INFOPLIST_KEY_UILaunchScreen_Generation = YES;
				INFOPLIST_KEY_UISupportedInterfaceOrientations_iPad = "UIInterfaceOrientationPortrait UIInterfaceOrientationPortraitUpsideDown UIInterfaceOrientationLandscapeLeft UIInterfaceOrientationLandscapeRight";
				INFOPLIST_KEY_UISupportedInterfaceOrientations_iPhone = "UIInterfaceOrientationPortrait UIInterfaceOrientationLandscapeLeft UIInterfaceOrientationLandscapeRight";
				LD_RUNPATH_SEARCH_PATHS = (
					"$(inherited)",
					"@executable_path/Frameworks",
				);
				MARKETING_VERSION = 1.0;
				PRODUCT_BUNDLE_IDENTIFIER = "com.jothebug.famous-places";
				PRODUCT_NAME = "$(TARGET_NAME)";
				SWIFT_EMIT_LOC_STRINGS = YES;
				SWIFT_VERSION = 5.0;
				TARGETED_DEVICE_FAMILY = "1,2";
			};
			name = Release;
		};
/* End XCBuildConfiguration section */

/* Begin XCConfigurationList section */
		B5FCF4CE2DA39278000E9447 /* Build configuration list for PBXProject "famous-places" */ = {
			isa = XCConfigurationList;
			buildConfigurations = (
				B5FCF4DF2DA39279000E9447 /* Debug */,
				B5FCF4E02DA39279000E9447 /* Release */,
			);
			defaultConfigurationIsVisible = 0;
			defaultConfigurationName = Release;
		};
		B5FCF4E12DA39279000E9447 /* Build configuration list for PBXNativeTarget "famous-places" */ = {
			isa = XCConfigurationList;
			buildConfigurations = (
				B5FCF4E22DA39279000E9447 /* Debug */,
				B5FCF4E32DA39279000E9447 /* Release */,
			);
			defaultConfigurationIsVisible = 0;
			defaultConfigurationName = Release;
		};
/* End XCConfigurationList section */
	};
	rootObject = B5FCF4CB2DA39278000E9447 /* Project object */;
}
